
Microsoft Visual Studio Solution File, Format Version 12.00
# Visual Studio 15
VisualStudioVersion = 15.0.26730.12
MinimumVisualStudioVersion = 10.0.40219.1
Project("{FAE04EC0-301F-11D3-BF4B-00C04F79EFBC}") = "BotecoPoker.Aplicacao", "BotecoPoker.Aplicacao\BotecoPoker.Aplicacao.csproj", "{B4A78D84-7E72-4D1E-8E11-45FCAC2E41E6}"
EndProject
Project("{FAE04EC0-301F-11D3-BF4B-00C04F79EFBC}") = "BotecoPoker.Infra", "BotecoPoker.Infra\BotecoPoker.Infra.csproj", "{930C2747-53FF-4830-A7DA-222DAC178B68}"
EndProject
Project("{FAE04EC0-301F-11D3-BF4B-00C04F79EFBC}") = "BotecoPoker.Dominio", "BotecoPoker.Dominio\BotecoPoker.Dominio.csproj", "{FCDBBE95-9F4F-4B3E-B766-9D982D1A317B}"
EndProject
Project("{FAE04EC0-301F-11D3-BF4B-00C04F79EFBC}") = "BotecoPoker.Mvc", "BotecoPoker.Mvc\BotecoPoker.Mvc.csproj", "{57FD5C6B-C749-4655-882B-74965ABEFF26}"
EndProject
Global
	GlobalSection(SolutionConfigurationPlatforms) = preSolution
		Debug|Any CPU = Debug|Any CPU
		Release|Any CPU = Release|Any CPU
	EndGlobalSection
	GlobalSection(ProjectConfigurationPlatforms) = postSolution
		{B4A78D84-7E72-4D1E-8E11-45FCAC2E41E6}.Debug|Any CPU.ActiveCfg = Debug|Any CPU
		{B4A78D84-7E72-4D1E-8E11-45FCAC2E41E6}.Debug|Any CPU.Build.0 = Debug|Any CPU
		{B4A78D84-7E72-4D1E-8E11-45FCAC2E41E6}.Release|Any CPU.ActiveCfg = Release|Any CPU
		{B4A78D84-7E72-4D1E-8E11-45FCAC2E41E6}.Release|Any CPU.Build.0 = Release|Any CPU
		{930C2747-53FF-4830-A7DA-222DAC178B68}.Debug|Any CPU.ActiveCfg = Debug|Any CPU
		{930C2747-53FF-4830-A7DA-222DAC178B68}.Debug|Any CPU.Build.0 = Debug|Any CPU
		{930C2747-53FF-4830-A7DA-222DAC178B68}.Release|Any CPU.ActiveCfg = Release|Any CPU
		{930C2747-53FF-4830-A7DA-222DAC178B68}.Release|Any CPU.Build.0 = Release|Any CPU
		{FCDBBE95-9F4F-4B3E-B766-9D982D1A317B}.Debug|Any CPU.ActiveCfg = Debug|Any CPU
		{FCDBBE95-9F4F-4B3E-B766-9D982D1A317B}.Debug|Any CPU.Build.0 = Debug|Any CPU
		{FCDBBE95-9F4F-4B3E-B766-9D982D1A317B}.Release|Any CPU.ActiveCfg = Release|Any CPU
		{FCDBBE95-9F4F-4B3E-B766-9D982D1A317B}.Release|Any CPU.Build.0 = Release|Any CPU
		{57FD5C6B-C749-4655-882B-74965ABEFF26}.Debug|Any CPU.ActiveCfg = Debug|Any CPU
		{57FD5C6B-C749-4655-882B-74965ABEFF26}.Debug|Any CPU.Build.0 = Debug|Any CPU
		{57FD5C6B-C749-4655-882B-74965ABEFF26}.Release|Any CPU.ActiveCfg = Release|Any CPU
		{57FD5C6B-C749-4655-882B-74965ABEFF26}.Release|Any CPU.Build.0 = Release|Any CPU
	EndGlobalSection
	GlobalSection(SolutionProperties) = preSolution
		HideSolutionNode = FALSE
	EndGlobalSection
	GlobalSection(ExtensibilityGlobals) = postSolution
		SolutionGuid = {F07F4AB9-FAAB-47F9-B79D-AD69966C349E}
	EndGlobalSection
EndGlobal
